<?xml version="1.0" encoding="UTF-8" standalone="yes" ?>
<CodeBlocks_project_file>
	<FileVersion major="1" minor="6" />
	<Project>
		<Option title="banhMi.cpp" />
		<Option pch_mode="2" />
		<Option compiler="gcc" />
		<Build>
			<Target title="Debug">
				<Option output="bin/Debug/banhMi" prefix_auto="1" extension_auto="1" />
				<Option object_output="obj/Debug/" />
				<Option type="1" />
				<Option compiler="gcc" />
				<Compiler>
					<Add option="-g" />
				</Compiler>
			</Target>
			<Target title="Release">
				<Option output="bin/Release/banhMi" prefix_auto="1" extension_auto="1" />
				<Option object_output="obj/Release/" />
				<Option type="1" />
				<Option compiler="gcc" />
				<Compiler>
					<Add option="-O2" />
				</Compiler>
				<Linker>
					<Add option="-s" />
				</Linker>
			</Target>
		</Build>
		<Compiler>
			<Add option="-Wall" />
		</Compiler>
		<Unit filename="ImpTimer.cpp" />
		<Unit filename="ImpTimer.h" />
		<Unit filename="chicken.cpp" />
		<Unit filename="chicken.h" />
		<Unit filename="class.cpp" />
		<Unit filename="class.h" />
		<Unit filename="egg.cpp" />
		<Unit filename="egg.h" />
		<Unit filename="game.cpp" />
		<Unit filename="main.cpp" />
		<Unit filename="menu.cpp" />
		<Unit filename="pleiku.cpp" />
		<Unit filename="pleiku.h" />
		<Unit filename="sound.cpp" />
		<Unit filename="sound.h" />
		<Unit filename="spaceShip.cpp" />
		<Unit filename="stone.cpp" />
		<Unit filename="stone.h" />
		<Extensions />
	</Project>
</CodeBlocks_project_file>
